
Microsoft Visual Studio Solution File, Format Version 12.00
# Visual Studio Version 17
VisualStudioVersion = 17.0.32014.148
MinimumVisualStudioVersion = 10.0.40219.1
Project("{9A19103F-16F7-4668-BE54-9A1E7A4F7556}") = "OnlineGames.Web", "OnlineGames.Web\OnlineGames.Web.csproj", "{9B4B0F84-4260-4325-BF09-62A942955BDF}"
EndProject
Project("{9A19103F-16F7-4668-BE54-9A1E7A4F7556}") = "OnlineGames.Data", "OnlineGames.Data\OnlineGames.Data.csproj", "{2EDD3584-342E-4643-8181-AE6768670FC6}"
EndProject
Project("{9A19103F-16F7-4668-BE54-9A1E7A4F7556}") = "OnlineGames.Logic", "OnlineGames.Logic\OnlineGames.Logic.csproj", "{DE849B25-E8FD-4097-9304-2A14E82257E1}"
EndProject
Project("{9A19103F-16F7-4668-BE54-9A1E7A4F7556}") = "OnlineGames.Services", "OnlineGames.Services\OnlineGames.Services.csproj", "{2FACF6AF-7046-46CA-807E-615A699DBE9D}"
EndProject
Project("{FAE04EC0-301F-11D3-BF4B-00C04F79EFBC}") = "OnlineGames.Tests", "OnlineGames.Tests\OnlineGames.Tests.csproj", "{88D50CA5-69B5-4D4A-90E6-95A89A94CA6A}"
EndProject
Global
	GlobalSection(SolutionConfigurationPlatforms) = preSolution
		Debug|Any CPU = Debug|Any CPU
		Release|Any CPU = Release|Any CPU
	EndGlobalSection
	GlobalSection(ProjectConfigurationPlatforms) = postSolution
		{9B4B0F84-4260-4325-BF09-62A942955BDF}.Debug|Any CPU.ActiveCfg = Debug|Any CPU
		{9B4B0F84-4260-4325-BF09-62A942955BDF}.Debug|Any CPU.Build.0 = Debug|Any CPU
		{9B4B0F84-4260-4325-BF09-62A942955BDF}.Release|Any CPU.ActiveCfg = Release|Any CPU
		{9B4B0F84-4260-4325-BF09-62A942955BDF}.Release|Any CPU.Build.0 = Release|Any CPU
		{2EDD3584-342E-4643-8181-AE6768670FC6}.Debug|Any CPU.ActiveCfg = Debug|Any CPU
		{2EDD3584-342E-4643-8181-AE6768670FC6}.Debug|Any CPU.Build.0 = Debug|Any CPU
		{2EDD3584-342E-4643-8181-AE6768670FC6}.Release|Any CPU.ActiveCfg = Release|Any CPU
		{2EDD3584-342E-4643-8181-AE6768670FC6}.Release|Any CPU.Build.0 = Release|Any CPU
		{DE849B25-E8FD-4097-9304-2A14E82257E1}.Debug|Any CPU.ActiveCfg = Debug|Any CPU
		{DE849B25-E8FD-4097-9304-2A14E82257E1}.Debug|Any CPU.Build.0 = Debug|Any CPU
		{DE849B25-E8FD-4097-9304-2A14E82257E1}.Release|Any CPU.ActiveCfg = Release|Any CPU
		{DE849B25-E8FD-4097-9304-2A14E82257E1}.Release|Any CPU.Build.0 = Release|Any CPU
		{2FACF6AF-7046-46CA-807E-615A699DBE9D}.Debug|Any CPU.ActiveCfg = Debug|Any CPU
		{2FACF6AF-7046-46CA-807E-615A699DBE9D}.Debug|Any CPU.Build.0 = Debug|Any CPU
		{2FACF6AF-7046-46CA-807E-615A699DBE9D}.Release|Any CPU.ActiveCfg = Release|Any CPU
		{2FACF6AF-7046-46CA-807E-615A699DBE9D}.Release|Any CPU.Build.0 = Release|Any CPU
		{88D50CA5-69B5-4D4A-90E6-95A89A94CA6A}.Debug|Any CPU.ActiveCfg = Debug|Any CPU
		{88D50CA5-69B5-4D4A-90E6-95A89A94CA6A}.Debug|Any CPU.Build.0 = Debug|Any CPU
		{88D50CA5-69B5-4D4A-90E6-95A89A94CA6A}.Release|Any CPU.ActiveCfg = Release|Any CPU
		{88D50CA5-69B5-4D4A-90E6-95A89A94CA6A}.Release|Any CPU.Build.0 = Release|Any CPU
	EndGlobalSection
	GlobalSection(SolutionProperties) = preSolution
		HideSolutionNode = FALSE
	EndGlobalSection
	GlobalSection(ExtensibilityGlobals) = postSolution
		SolutionGuid = {2812EEFC-9B77-42B5-B26F-B85804C2663B}
	EndGlobalSection
EndGlobal
